
Microsoft Visual Studio Solution File, Format Version 12.00
# Visual Studio 15
Project("{FAE04EC0-301F-11D3-BF4B-00C04F79EFBC}") = "Bees", "Bees\Bees.csproj", "{D17F86CB-6686-4B0C-A3AB-C25692289670}"
EndProject
Global
	GlobalSection(SolutionConfigurationPlatforms) = preSolution
		Debug|Any CPU = Debug|Any CPU
		Release|Any CPU = Release|Any CPU
	EndGlobalSection
	GlobalSection(ProjectConfigurationPlatforms) = postSolution
		{D17F86CB-6686-4B0C-A3AB-C25692289670}.Debug|Any CPU.ActiveCfg = Debug|Any CPU
		{D17F86CB-6686-4B0C-A3AB-C25692289670}.Debug|Any CPU.Build.0 = Debug|Any CPU
		{D17F86CB-6686-4B0C-A3AB-C25692289670}.Release|Any CPU.ActiveCfg = Release|Any CPU
		{D17F86CB-6686-4B0C-A3AB-C25692289670}.Release|Any CPU.Build.0 = Release|Any CPU
	EndGlobalSection
EndGlobal
